
Microsoft Visual Studio Solution File, Format Version 12.00
# Visual Studio Version 16
VisualStudioVersion = 16.0.31911.196
MinimumVisualStudioVersion = 10.0.40219.1
Project("{9A19103F-16F7-4668-BE54-9A1E7A4F7556}") = "RestaurantMVC", "RestaurantMVC\RestaurantMVC.csproj", "{5A2C0FA9-4BF9-4A64-AFF5-953E24482025}"
EndProject
Project("{9A19103F-16F7-4668-BE54-9A1E7A4F7556}") = "RestaurantMVCTests", "RestaurantMVCTests\RestaurantMVCTests.csproj", "{645D4C84-69B9-453A-8829-69454C39D644}"
EndProject
Global
	GlobalSection(SolutionConfigurationPlatforms) = preSolution
		Debug|Any CPU = Debug|Any CPU
		Release|Any CPU = Release|Any CPU
	EndGlobalSection
	GlobalSection(ProjectConfigurationPlatforms) = postSolution
		{5A2C0FA9-4BF9-4A64-AFF5-953E24482025}.Debug|Any CPU.ActiveCfg = Debug|Any CPU
		{5A2C0FA9-4BF9-4A64-AFF5-953E24482025}.Debug|Any CPU.Build.0 = Debug|Any CPU
		{5A2C0FA9-4BF9-4A64-AFF5-953E24482025}.Release|Any CPU.ActiveCfg = Release|Any CPU
		{5A2C0FA9-4BF9-4A64-AFF5-953E24482025}.Release|Any CPU.Build.0 = Release|Any CPU
		{645D4C84-69B9-453A-8829-69454C39D644}.Debug|Any CPU.ActiveCfg = Debug|Any CPU
		{645D4C84-69B9-453A-8829-69454C39D644}.Debug|Any CPU.Build.0 = Debug|Any CPU
		{645D4C84-69B9-453A-8829-69454C39D644}.Release|Any CPU.ActiveCfg = Release|Any CPU
		{645D4C84-69B9-453A-8829-69454C39D644}.Release|Any CPU.Build.0 = Release|Any CPU
	EndGlobalSection
	GlobalSection(SolutionProperties) = preSolution
		HideSolutionNode = FALSE
	EndGlobalSection
	GlobalSection(ExtensibilityGlobals) = postSolution
		SolutionGuid = {87181734-647A-4E39-89AE-4D5C60F98412}
	EndGlobalSection
EndGlobal
